{
  "version": 4,
  "terraform_version": "1.0.6",
  "serial": 10,
  "lineage": "6b132b6b-5c11-8150-5d4c-5919af09ee2d",
  "outputs": {},
  "resources": [
    {
      "mode": "managed",
      "type": "google_project_iam_member",
      "name": "manage_private_GKE",
      "provider": "provider[\"registry.terraform.io/hashicorp/google\"]",
      "instances": [
        {
          "index_key": "roles/monitoring.metricWriter",
          "schema_version": 0,
          "attributes": {
            "etag": "BwXaQDtR0Ck=",
            "id": "ebpf-343515/roles/monitoring.metricWriter/serviceaccount:sa-gke-priv@ebpf-343515.iam.gserviceaccount.com",
            "member": "serviceAccount:sa-gke-priv@ebpf-343515.iam.gserviceaccount.com",
            "project": "ebpf-343515",
            "role": "roles/monitoring.metricWriter"
          },
          "sensitive_attributes": [],
          "private": "bnVsbA==",
          "dependencies": [
            "google_service_account.gke_priv_SA"
          ]
        },
        {
          "index_key": "roles/monitoring.viewer",
          "schema_version": 0,
          "attributes": {
            "etag": "BwXaQDtR0Ck=",
            "id": "ebpf-343515/roles/monitoring.viewer/serviceaccount:sa-gke-priv@ebpf-343515.iam.gserviceaccount.com",
            "member": "serviceAccount:sa-gke-priv@ebpf-343515.iam.gserviceaccount.com",
            "project": "ebpf-343515",
            "role": "roles/monitoring.viewer"
          },
          "sensitive_attributes": [],
          "private": "bnVsbA==",
          "dependencies": [
            "google_service_account.gke_priv_SA"
          ]
        }
      ]
    },
    {
      "mode": "managed",
      "type": "google_service_account",
      "name": "gke_priv_SA",
      "provider": "provider[\"registry.terraform.io/hashicorp/google\"]",
      "instances": [
        {
          "schema_version": 0,
          "attributes": {
            "account_id": "sa-gke-priv",
            "description": "",
            "display_name": "A servie account used to manage private GKE cluster",
            "email": "sa-gke-priv@ebpf-343515.iam.gserviceaccount.com",
            "id": "projects/ebpf-343515/serviceAccounts/sa-gke-priv@ebpf-343515.iam.gserviceaccount.com",
            "name": "projects/ebpf-343515/serviceAccounts/sa-gke-priv@ebpf-343515.iam.gserviceaccount.com",
            "project": "ebpf-343515",
            "unique_id": "102940520648357782224"
          },
          "sensitive_attributes": [],
          "private": "bnVsbA=="
        }
      ]
    }
  ]
}
